{
  "name": "heyluuk",
  "version": "1.0.0",
  "lockfileVersion": 1,
  "requires": true,
  "dependencies": {
    "bootstrap": {
      "version": "4.3.1",
      "resolved": "https://registry.npmjs.org/bootstrap/-/bootstrap-4.3.1.tgz",
      "integrity": "sha512-rXqOmH1VilAt2DyPzluTi2blhk17bO7ef+zLLPlWvG494pDxcM234pJ8wTc/6R40UWizAIIMgxjvxZg5kmsbag=="
    },
    "jquery": {
      "version": "3.4.1",
      "resolved": "https://registry.npmjs.org/jquery/-/jquery-3.4.1.tgz",
      "integrity": "sha512-36+AdBzCL+y6qjw5Tx7HgzeGCzC81MDDgaUP8ld2zhx58HdqXGoBd+tHdrBMiyjGQs0Hxs/MLZTu/eHNJJuWPw=="
    },
    "patternfly-bootstrap-treeview": {
      "version": "2.1.10",
      "resolved": "https://registry.npmjs.org/patternfly-bootstrap-treeview/-/patternfly-bootstrap-treeview-2.1.10.tgz",
      "integrity": "sha512-P9+iFu34CwX+R5Fd7/EWbxTug0q9mDj53PnZIIh5ie54KX2kD0+54lCWtpD9SVylDwDtDv3n3A6gbFVkx7HsuA==",
      "requires": {
        "bootstrap": "^3.4.1",
        "jquery": "^3.4.1"
      },
      "dependencies": {
        "bootstrap": {
          "version": "3.4.1",
          "resolved": "https://registry.npmjs.org/bootstrap/-/bootstrap-3.4.1.tgz",
          "integrity": "sha512-yN5oZVmRCwe5aKwzRj6736nSmKDX7pLYwsXiCj/EYmo16hODaBiT4En5btW/jhBF/seV+XMx3aYwukYC3A49DA=="
        }
      }
    }
  }
}
